lockfileVersion: '9.0'

settings:
  autoInstallPeers: true
  excludeLinksFromLockfile: false

overrides:
  shell-quote: 1.10.0

importers:

  .:
    dependencies:
      '@aws-sdk/client-s3':
        specifier: ^3.1094.0
        version: 3.1094.0
      '@aws-sdk/s3-request-presigner':
        specifier: ^3.1094.0
        version: 3.1094.0
      '@dinero.js/currencies':
        specifier: 2.0.0-alpha.14
        version: 2.0.0-alpha.14
      '@formatjs/intl-localematcher':
        specifier: 0.5.4
        version: 0.5.4
      '@hookform/resolvers':
        specifier: 3.3.4
        version: 3.3.4(react-hook-form@7.71.1(react@19.2.3))
      '@next-devtools/core':
        specifier: 0.3.0-beta.1
        version: 0.3.0-beta.1(@emotion/is-prop-valid@0.8.8)(@types/react@19.0.7)(bufferutil@4.0.8)(react-dom@19.2.3(react@19.2.3))(react@19.2.3)(use-sync-external-store@1.6.0(react@19.2.3))(utf-8-validate@6.0.3)
      '@radix-ui/react-accessible-icon':
        specifier: next
        version: 1.1.16-rc.1785253136758(@types/react-dom@19.0.3(@types/react@19.0.7))(@types/react@19.0.7)(react-dom@19.2.3(react@19.2.3))(react@19.2.3)
      '@radix-ui/react-accordion':
        specifier: next
        version: 1.2.21-rc.1785253136758(@types/react-dom@19.0.3(@types/react@19.0.7))(@types/react@19.0.7)(react-dom@19.2.3(react@19.2.3))(react@19.2.3)
      '@radix-ui/react-alert-dialog':
        specifier: next
        version: 1.1.24-rc.1785253136758(@types/react-dom@19.0.3(@types/react@19.0.7))(@types/react@19.0.7)(react-dom@19.2.3(react@19.2.3))(react@19.2.3)
      '@radix-ui/react-aspect-ratio':
        specifier: next
        version: 1.1.16-rc.1785253136758(@types/react-dom@19.0.3(@types/react@19.0.7))(@types/react@19.0.7)(react-dom@19.2.3(react@19.2.3))(react@19.2.3)
      '@radix-ui/react-avatar':
        specifier: next
        version: 1.2.7-rc.1785253136758(@types/react-dom@19.0.3(@types/react@19.0.7))(@types/react@19.0.7)(react-dom@19.2.3(react@19.2.3))(react@19.2.3)
      '@radix-ui/react-checkbox':
        specifier: next
        version: 1.3.12-rc.1785253136758(@types/react-dom@19.0.3(@types/react@19.0.7))(@types/react@19.0.7)(react-dom@19.2.3(react@19.2.3))(react@19.2.3)
      '@radix-ui/react-collapsible':
        specifier: next
        version: 1.1.21-rc.1785253136758(@types/react-dom@19.0.3(@types/react@19.0.7))(@types/react@19.0.7)(react-dom@19.2.3(react@19.2.3))(react@19.2.3)
      '@radix-ui/react-context-menu':
        specifier: next
        version: 2.3.8-rc.1785253136758(@types/react-dom@19.0.3(@types/react@19.0.7))(@types/react@19.0.7)(react-dom@19.2.3(react@19.2.3))(react@19.2.3)
      '@radix-ui/react-dialog':
        specifier: next
        version: 1.2.0-rc.1785253136758(@types/react-dom@19.0.3(@types/react@19.0.7))(@types/react@19.0.7)(react-dom@19.2.3(react@19.2.3))(react@19.2.3)
      '@radix-ui/react-dropdown-menu':
        specifier: next
        version: 2.1.25-rc.1785253136758(@types/react-dom@19.0.3(@types/react@19.0.7))(@types/react@19.0.7)(react-dom@19.2.3(react@19.2.3))(react@19.2.3)
      '@radix-ui/react-hover-card':
        specifier: next
        version: 1.1.24-rc.1785253136758(@types/react-dom@19.0.3(@types/react@19.0.7))(@types/react@19.0.7)(react-dom@19.2.3(react@19.2.3))(react@19.2.3)
      '@radix-ui/react-label':
        specifier: next
        version: 2.1.16-rc.1785253136758(@types/react-dom@19.0.3(@types/react@19.0.7))(@types/react@19.0.7)(react-dom@19.2.3(react@19.2.3))(react@19.2.3)
      '@radix-ui/react-menubar':
        specifier: next
        version: 1.1.25-rc.1785253136758(@types/react-dom@19.0.3(@types/react@19.0.7))(@types/react@19.0.7)(react-dom@19.2.3(react@19.2.3))(react@19.2.3)
      '@radix-ui/react-navigation-menu':
        specifier: next
        version: 1.3.0-rc.1785253136758(@types/react-dom@19.0.3(@types/react@19.0.7))(@types/react@19.0.7)(react-dom@19.2.3(react@19.2.3))(react@19.2.3)
      '@radix-ui/react-popover':
        specifier: next
        version: 1.2.0-rc.1785253136758(@types/react-dom@19.0.3(@types/react@19.0.7))(@types/react@19.0.7)(react-dom@19.2.3(react@19.2.3))(react@19.2.3)
      '@radix-ui/react-progress':
        specifier: next
        version: 1.1.17-rc.1785253136758(@types/react-dom@19.0.3(@types/react@19.0.7))(@types/react@19.0.7)(react-dom@19.2.3(react@19.2.3))(react@19.2.3)
      '@radix-ui/react-radio-group':
        specifier: next
        version: 1.4.8-rc.1785253136758(@types/react-dom@19.0.3(@types/react@19.0.7))(@types/react@19.0.7)(react-dom@19.2.3(react@19.2.3))(react@19.2.3)
      '@radix-ui/react-scroll-area':
        specifier: next
        version: 1.2.19-rc.1785253136758(@types/react-dom@19.0.3(@types/react@19.0.7))(@types/react@19.0.7)(react-dom@19.2.3(react@19.2.3))(react@19.2.3)
      '@radix-ui/react-select':
        specifier: next
        version: 2.3.8-rc.1785253136758(@types/react-dom@19.0.3(@types/react@19.0.7))(@types/react@19.0.7)(react-dom@19.2.3(react@19.2.3))(react@19.2.3)
      '@radix-ui/react-separator':
        specifier: next
        version: 1.1.16-rc.1785253136758(@types/react-dom@19.0.3(@types/react@19.0.7))(@types/react@19.0.7)(react-dom@19.2.3(react@19.2.3))(react@19.2.3)
      '@radix-ui/react-slider':
        specifier: next
        version: 1.5.0-rc.1785253136758(@types/react-dom@19.0.3(@types/react@19.0.7))(@types/react@19.0.7)(react-dom@19.2.3(react@19.2.3))(react@19.2.3)
      '@radix-ui/react-slot':
        specifier: next
        version: 1.4.0-rc.1785253136758(@types/react@19.0.7)(react@19.2.3)
      '@radix-ui/react-switch':
        specifier: next
        version: 1.3.8-rc.1785253136758(@types/react-dom@19.0.3(@types/react@19.0.7))(@types/react@19.0.7)(react-dom@19.2.3(react@19.2.3))(react@19.2.3)
      '@radix-ui/react-tabs':
        specifier: next
        version: 1.1.22-rc.1785253136758(@types/react-dom@19.0.3(@types/react@19.0.7))(@types/react@19.0.7)(react-dom@19.2.3(react@19.2.3))(react@19.2.3)
      '@radix-ui/react-toast':
        specifier: next
        version: 1.2.24-rc.1785253136758(@types/react-dom@19.0.3(@types/react@19.0.7))(@types/react@19.0.7)(react-dom@19.2.3(react@19.2.3))(react@19.2.3)
      '@radix-ui/react-toggle':
        specifier: next
        version: 1.1.19-rc.1785253136758(@types/react-dom@19.0.3(@types/react@19.0.7))(@types/react@19.0.7)(react-dom@19.2.3(react@19.2.3))(react@19.2.3)
      '@radix-ui/react-toggle-group':
        specifier: next
        version: 1.1.20-rc.1785253136758(@types/react-dom@19.0.3(@types/react@19.0.7))(@types/react@19.0.7)(react-dom@19.2.3(react@19.2.3))(react@19.2.3)
      '@radix-ui/react-tooltip':
        specifier: next
        version: 1.3.0-rc.1785253136758(@types/react-dom@19.0.3(@types/react@19.0.7))(@types/react@19.0.7)(react-dom@19.2.3(react@19.2.3))(react@19.2.3)
      '@react-email/button':
        specifier: 0.2.1
        version: 0.2.1(react@19.2.3)
      '@react-email/components':
        specifier: 1.0.4
        version: 1.0.4(react-dom@19.2.3(react@19.2.3))(react@19.2.3)
      '@react-email/html':
        specifier: 0.0.12
        version: 0.0.12(react@19.2.3)
      '@react-three/drei':
        specifier: 10.7.7
        version: 10.7.7(@react-three/fiber@9.5.0(@types/react@19.0.7)(immer@10.2.0)(react-dom@19.2.3(react@19.2.3))(react@19.2.3)(three@0.163.0))(@types/react@19.0.7)(@types/three@0.182.0)(immer@10.2.0)(react-dom@19.2.3(react@19.2.3))(react@19.2.3)(three@0.163.0)
      '@react-three/fiber':
        specifier: 9.5.0
        version: 9.5.0(@types/react@19.0.7)(immer@10.2.0)(react-dom@19.2.3(react@19.2.3))(react@19.2.3)(three@0.163.0)
      '@refinedev/core':
        specifier: ^5.0.12
        version: 5.0.12(@tanstack/react-query@5.90.17(react@19.2.3))(@types/react-dom@19.0.3(@types/react@19.0.7))(@types/react@19.0.7)(react-dom@19.2.3(react@19.2.3))(react@19.2.3)
      '@refinedev/nextjs-router':
        specifier: ^7.0.5
        version: 7.0.5(@refinedev/core@5.0.12(@tanstack/react-query@5.90.17(react@19.2.3))(@types/react-dom@19.0.3(@types/react@19.0.7))(@types/react@19.0.7)(react-dom@19.2.3(react@19.2.3))(react@19.2.3))(@types/react-dom@19.0.3(@types/react@19.0.7))(@types/react@19.0.7)(next@15.5.21(@babel/core@7.28.5)(@opentelemetry/api@1.8.0)(react-dom@19.2.3(react@19.2.3))(react@19.2.3))(react-dom@19.2.3(react@19.2.3))(react@19.2.3)
      '@t3-oss/env-nextjs':
        specifier: 0.13.10
        version: 0.13.10(typescript@5.4.5)(zod@4.2.1)
      '@tabler/icons-react':
        specifier: ^3.36.1
        version: 3.36.1(react@19.2.3)
      '@tanstack/react-query':
        specifier: 5.90.17
        version: 5.90.17(react@19.2.3)
      '@tanstack/react-query-devtools':
        specifier: 5.91.2
        version: 5.91.2(@tanstack/react-query@5.90.17(react@19.2.3))(react@19.2.3)
      '@tanstack/react-table':
        specifier: 8.17.0
        version: 8.17.0(react-dom@19.2.3(react@19.2.3))(react@19.2.3)
      '@tsparticles/engine':
        specifier: 3.3.0
        version: 3.3.0
      '@tsparticles/react':
        specifier: 3.0.0
        version: 3.0.0(@tsparticles/engine@3.3.0)(react-dom@19.2.3(react@19.2.3))(react@19.2.3)
      '@tsparticles/slim':
        specifier: 3.3.0
        version: 3.3.0
      '@upstash/qstash':
        specifier: ^2.11.3
        version: 2.11.3
      '@upstash/workflow':
        specifier: ^1.3.3
        version: 1.3.3(zod@4.2.1)
      '@vercel/analytics':
        specifier: 1.1.3
        version: 1.1.3
      '@vercel/speed-insights':
        specifier: 1.0.9
        version: 1.0.9(next@15.5.21(@babel/core@7.28.5)(@opentelemetry/api@1.8.0)(react-dom@19.2.3(react@19.2.3))(react@19.2.3))(react@19.2.3)
      better-auth:
        specifier: ^1.6.25
        version: 1.6.25(@opentelemetry/api@1.8.0)(drizzle-kit@0.31.8)(drizzle-orm@0.45.2(@opentelemetry/api@1.8.0)(@types/pg@8.11.0)(@vercel/postgres@0.8.0)(gel@2.2.0)(kysely@0.29.4)(postgres@3.4.8)(prisma@5.9.1))(next@15.5.21(@babel/core@7.28.5)(@opentelemetry/api@1.8.0)(react-dom@19.2.3(react@19.2.3))(react@19.2.3))(prisma@5.9.1)(react-dom@19.2.3(react@19.2.3))(react@19.2.3)(vitest@4.1.10(@opentelemetry/api@1.8.0)(@types/node@20.12.12)(vite@8.1.5(@types/node@20.12.12)(esbuild@0.28.1)(jiti@2.6.1)(terser@5.44.1)(tsx@4.21.0)(yaml@2.8.2)))
      canvas-confetti:
        specifier: ^1.9.4
        version: 1.9.4
      class-variance-authority:
        specifier: 0.7.0
        version: 0.7.0
      clsx:
        specifier: 2.1.0
        version: 2.1.0
      cmdk:
        specifier: 1.1.1
        version: 1.1.1(@types/react-dom@19.0.3(@types/react@19.0.7))(@types/react@19.0.7)(react-dom@19.2.3(react@19.2.3))(react@19.2.3)
      date-fns:
        specifier: 3.3.1
        version: 3.3.1
      drizzle-orm:
        specifier: ^0.45.2
        version: 0.45.2(@opentelemetry/api@1.8.0)(@types/pg@8.11.0)(@vercel/postgres@0.8.0)(gel@2.2.0)(kysely@0.29.4)(postgres@3.4.8)(prisma@5.9.1)
      fetch-ponyfill:
        specifier: 7.1.0
        version: 7.1.0
      framer-motion:
        specifier: 12.26.2
        version: 12.26.2(@emotion/is-prop-valid@0.8.8)(react-dom@19.2.3(react@19.2.3))(react@19.2.3)
      lucide-react:
        specifier: 0.562.0
        version: 0.562.0(react@19.2.3)
      motion:
        specifier: ^12.29.0
        version: 12.29.0(@emotion/is-prop-valid@0.8.8)(react-dom@19.2.3(react@19.2.3))(react@19.2.3)
      nanoid:
        specifier: ^5.0.7
        version: 5.1.6
      negotiator:
        specifier: 0.6.3
        version: 0.6.3
      next:
        specifier: 15.5.21
        version: 15.5.21(@babel/core@7.28.5)(@opentelemetry/api@1.8.0)(react-dom@19.2.3(react@19.2.3))(react@19.2.3)
      next-intl:
        specifier: ^4.7.0
        version: 4.7.0(next@15.5.21(@babel/core@7.28.5)(@opentelemetry/api@1.8.0)(react-dom@19.2.3(react@19.2.3))(react@19.2.3))(react@19.2.3)(typescript@5.4.5)
      next-safe-action:
        specifier: ^8.0.11
        version: 8.0.11(next@15.5.21(@babel/core@7.28.5)(@opentelemetry/api@1.8.0)(react-dom@19.2.3(react@19.2.3))(react@19.2.3))(react-dom@19.2.3(react@19.2.3))(react@19.2.3)
      next-themes:
        specifier: 0.2.1
        version: 0.2.1(next@15.5.21(@babel/core@7.28.5)(@opentelemetry/api@1.8.0)(react-dom@19.2.3(react@19.2.3))(react@19.2.3))(react-dom@19.2.3(react@19.2.3))(react@19.2.3)
      postgres:
        specifier: ^3.4.5
        version: 3.4.8
      posthog-js:
        specifier: 1.409.5
        version: 1.409.5
      posthog-node:
        specifier: 3.6.2
        version: 3.6.2
      react:
        specifier: 19.2.3
        version: 19.2.3
      react-day-picker:
        specifier: 9.13.0
        version: 9.13.0(react@19.2.3)
      react-dom:
        specifier: 19.2.3
        version: 19.2.3(react@19.2.3)
      react-hook-form:
        specifier: 7.71.1
        version: 7.71.1(react@19.2.3)
      react-image-crop:
        specifier: 11.0.5
        version: 11.0.5(react@19.2.3)
      react-tweet:
        specifier: ^3.3.0
        version: 3.3.0(react-dom@19.2.3(react@19.2.3))(react@19.2.3)
      react-wrap-balancer:
        specifier: 1.1.0
        version: 1.1.0(react@19.2.3)
      recharts:
        specifier: 3.6.0
        version: 3.6.0(@types/react@19.0.7)(react-dom@19.2.3(react@19.2.3))(react-is@16.13.1)(react@19.2.3)(redux@5.0.1)
      resend:
        specifier: 6.18.1
        version: 6.18.1(@react-email/render@2.0.3(react-dom@19.2.3(react@19.2.3))(react@19.2.3))
      s3mini:
        specifier: ^0.2.0
        version: 0.2.0
      sonner:
        specifier: ^2.0.7
        version: 2.0.7(react-dom@19.2.3(react@19.2.3))(react@19.2.3)
      stripe:
        specifier: 14.15.0
        version: 14.15.0
      superjson:
        specifier: 2.2.1
        version: 2.2.1
      tailwind-merge:
        specifier: 1.14.0
        version: 1.14.0
      three:
        specifier: 0.163.0
        version: 0.163.0
      three-globe:
        specifier: 2.31.0
        version: 2.31.0(three@0.163.0)
      tw-animate-css:
        specifier: ^1.2.4
        version: 1.4.0
      undici:
        specifier: 6.27.0
        version: 6.27.0
      use-intl:
        specifier: ^4.7.0
        version: 4.7.0(react@19.2.3)
      vaul:
        specifier: 1.1.2
        version: 1.1.2(@types/react-dom@19.0.3(@types/react@19.0.7))(@types/react@19.0.7)(react-dom@19.2.3(react@19.2.3))(react@19.2.3)
      zod:
        specifier: ^4.2.1
        version: 4.2.1
      zustand:
        specifier: 5.0.3
        version: 5.0.3(@types/react@19.0.7)(immer@10.2.0)(react@19.2.3)(use-sync-external-store@1.6.0(react@19.2.3))
    devDependencies:
      '@biomejs/biome':
        specifier: 1.9.4
        version: 1.9.4
      '@opentelemetry/api':
        specifier: 1.8.0
        version: 1.8.0
      '@react-email/preview-server':
        specifier: 5.2.5
        version: 5.2.5(@babel/core@7.28.5)(@opentelemetry/api@1.8.0)(react-dom@19.2.3(react@19.2.3))(react@19.2.3)
      '@react-email/render':
        specifier: ^2.0.3
        version: 2.0.3(react-dom@19.2.3(react@19.2.3))(react@19.2.3)
      '@tailwindcss/postcss':
        specifier: ^4.0.14
        version: 4.1.18
      '@types/canvas-confetti':
        specifier: ^1.9.0
        version: 1.9.0
      '@types/negotiator':
        specifier: 0.6.3
        version: 0.6.3
      '@types/node':
        specifier: 20.12.12
        version: 20.12.12
      '@types/pg':
        specifier: 8.11.0
        version: 8.11.0
      '@types/react':
        specifier: 19.0.7
        version: 19.0.7
      '@types/react-dom':
        specifier: 19.0.3
        version: 19.0.3(@types/react@19.0.7)
      dotenv:
        specifier: ^17.2.3
        version: 17.2.3
      dotenv-cli:
        specifier: ^11.0.0
        version: 11.0.0
      drizzle-kit:
        specifier: ^0.31.8
        version: 0.31.8
      esbuild:
        specifier: 0.28.1
        version: 0.28.1
      postcss:
        specifier: ^8.5.25
        version: 8.5.25
      react-email:
        specifier: ^5.2.5
        version: 5.2.5(bufferutil@4.0.8)(utf-8-validate@6.0.3)
      tailwindcss:
        specifier: ^4.0.14
        version: 4.1.18
      tsx:
        specifier: ^4.19.2
        version: 4.21.0
      typescript:
        specifier: 5.4.5
        version: 5.4.5
      vitest:
        specifier: ^4.1.10
        version: 4.1.10(@opentelemetry/api@1.8.0)(@types/node@20.12.12)(vite@8.1.5(@types/node@20.12.12)(esbuild@0.28.1)(jiti@2.6.1)(terser@5.44.1)(tsx@4.21.0)(yaml@2.8.2))

packages:

  '@alloc/quick-lru@5.2.0':
    resolution: {integrity: sha512-UrcABB+4bUrFABwbluTIBErXwvbsU/V7TZWfmbgJfbkwiBuziS9gxdODUyuiecfdGQ85jglMW6juS3+z5TsKLw==}
    engines: {node: '>=10'}

  '@aws-sdk/checksums@3.1000.19':
    resolution: {integrity: sha512-Hc4N100RdkuWshKBnhPzmpdftfi9mCLz+OHFELHM1QIgMH4QRUUWyWgfiebta/YX2Bd62wTcm3EqAP8TeXv0gA==}
    engines: {node: '>=20.0.0'}

  '@aws-sdk/client-s3@3.1094.0':
    resolution: {integrity: sha512-Qkz3HXW9bBajTO1Pgvbxkj2THliDnYPFBaJwIF1mDmnPe1E7reV9V/QJxBz14slIvdcU0tiyB+z37Qns0EY9Zg==}
    engines: {node: '>=20.0.0'}

  '@aws-sdk/core@3.976.0':
    resolution: {integrity: sha512-0cjRaEdlVoOrsNb9pP5q1Syyc8pXw5xSj2Np2ryReRTr9FppIIRVSdZK4lbnfmc2Hvgux/xBOUU6baB7z8//uA==}
    engines: {node: '>=20.0.0'}

  '@aws-sdk/credential-provider-env@3.972.60':
    resolution: {integrity: sha512-BAkxdoe7tpDDqCghGpuOeHQRbm/2znVvOQm0AvpQbA2tbfMN46doN4zx65fv85ImP3KADwc2zQPmbrlI9MPfMg==}
    engines: {node: '>=20.0.0'}

  '@aws-sdk/credential-provider-http@3.972.62':
    resolution: {integrity: sha512-g/0fGqKTb9xpKdd9AtpmV5Eo3DFKbnkpA2+w0peISSlu7NfAoWOuYBFxsu+yWBtxU89ka55ezoZBCbFaS8pjYQ==}
    engines: {node: '>=20.0.0'}

  '@aws-sdk/credential-provider-ini@3.973.5':
    resolution: {integrity: sha512-ylubazcRfq2TVus/qXucSXeC42Qdjp5HQxTu68K/BsdMiZlcSLD1zkpoCgApXZX1Y6YJhtGGs7ZHhO/GuIgBlw==}
    engines: {node: '>=20.0.0'}

  '@aws-sdk/credential-provider-login@3.972.67':
    resolution: {integrity: sha512-CCygIKJ9YbI3n84OClSaSppkgKKHVj2TGT33c6FRORZrYNZQ1POmD+ip0FLYokiJAK7sSdc3YVkOsBm90oxWMQ==}
    engines: {node: '>=20.0.0'}

  '@aws-sdk/credential-provider-node@3.972.71':
    resolution: {integrity: sha512-HIg7Q2osBzajQwL+1Vkyh2E7Gim3eTNb9RHIsOxDGjW0eZg4oEKtRs5sioCnc73ilhaOm4gX2lHVF8J7+nt2rg==}
    engines: {node: '>=20.0.0'}

  '@aws-sdk/credential-provider-process@3.972.60':
    resolution: {integrity: sha512-YIo3f99hM43QdYG8hDzwGemnR/pU95b0kramqSJUTleCqaB7+HwKf7YZFHqvOgTqZTPx/mRmNIqoDRr3U0Z3Tw==}
    engines: {node: '>=20.0.0'}

  '@aws-sdk/credential-provider-sso@3.973.4':
    resolution: {integrity: sha512-BPdmL8sSBOCv4ngZ+3LHxyc3CNqDCEK37CHioCk7zGrTMY5sUtkH8q+o6qA80nn6w3/fyBPGNE7OIRlmoOxRQA==}
    engines: {node: '>=20.0.0'}

  '@aws-sdk/credential-provider-web-identity@3.972.66':
    resolution: {integrity: sha512-kSAziJboOmZmsR9/MTbiN…110880 tokens truncated…:
    dependencies:
      react: 19.2.3
      tslib: 2.8.1

  react-use-measure@2.1.7(react-dom@19.2.3(react@19.2.3))(react@19.2.3):
    dependencies:
      react: 19.2.3
    optionalDependencies:
      react-dom: 19.2.3(react@19.2.3)

  react-use@17.6.0(react-dom@19.2.3(react@19.2.3))(react@19.2.3):
    dependencies:
      '@types/js-cookie': 2.2.7
      '@xobotyi/scrollbar-width': 1.9.5
      copy-to-clipboard: 3.3.3
      fast-deep-equal: 3.1.3
      fast-shallow-equal: 1.0.0
      js-cookie: 2.2.1
      nano-css: 5.6.2(react-dom@19.2.3(react@19.2.3))(react@19.2.3)
      react: 19.2.3
      react-dom: 19.2.3(react@19.2.3)
      react-universal-interface: 0.6.2(react@19.2.3)(tslib@2.8.1)
      resize-observer-polyfill: 1.5.1
      screenfull: 5.2.0
      set-harmonic-interval: 1.0.1
      throttle-debounce: 3.0.1
      ts-easing: 0.2.0
      tslib: 2.8.1

  react-wrap-balancer@1.1.0(react@19.2.3):
    dependencies:
      react: 19.2.3

  react@19.2.3: {}

  readdirp@4.1.2: {}

  recharts@3.6.0(@types/react@19.0.7)(react-dom@19.2.3(react@19.2.3))(react-is@16.13.1)(react@19.2.3)(redux@5.0.1):
    dependencies:
      '@reduxjs/toolkit': 2.11.2(react-redux@9.2.0(@types/react@19.0.7)(react@19.2.3)(redux@5.0.1))(react@19.2.3)
      clsx: 2.1.1
      decimal.js-light: 2.5.1
      es-toolkit: 1.43.0
      eventemitter3: 5.0.1
      immer: 10.2.0
      react: 19.2.3
      react-dom: 19.2.3(react@19.2.3)
      react-is: 16.13.1
      react-redux: 9.2.0(@types/react@19.0.7)(react@19.2.3)(redux@5.0.1)
      reselect: 5.1.1
      tiny-invariant: 1.3.3
      use-sync-external-store: 1.6.0(react@19.2.3)
      victory-vendor: 37.3.6
    transitivePeerDependencies:
      - '@types/react'
      - redux

  redux-thunk@3.1.0(redux@5.0.1):
    dependencies:
      redux: 5.0.1

  redux@5.0.1: {}

  require-from-string@2.0.2: {}

  reselect@5.1.1: {}

  resend@6.18.1(@react-email/render@2.0.3(react-dom@19.2.3(react@19.2.3))(react@19.2.3)):
    dependencies:
      postal-mime: 2.7.5
      standardwebhooks: 1.0.0
    optionalDependencies:
      '@react-email/render': 2.0.3(react-dom@19.2.3(react@19.2.3))(react@19.2.3)

  resize-observer-polyfill@1.5.1: {}

  resolve-pkg-maps@1.0.0: {}

  resolve@1.22.11:
    dependencies:
      is-core-module: 2.16.1
      path-parse: 1.0.7
      supports-preserve-symlinks-flag: 1.0.0

  restore-cursor@5.1.0:
    dependencies:
      onetime: 7.0.0
      signal-exit: 4.1.0

  reusify@1.1.0: {}

  robust-predicates@3.0.2: {}

  rolldown@1.1.5:
    dependencies:
      '@oxc-project/types': 0.139.0
      '@rolldown/pluginutils': 1.0.1
    optionalDependencies:
      '@rolldown/binding-android-arm64': 1.1.5
      '@rolldown/binding-darwin-arm64': 1.1.5
      '@rolldown/binding-darwin-x64': 1.1.5
      '@rolldown/binding-freebsd-x64': 1.1.5
      '@rolldown/binding-linux-arm-gnueabihf': 1.1.5
      '@rolldown/binding-linux-arm64-gnu': 1.1.5
      '@rolldown/binding-linux-arm64-musl': 1.1.5
      '@rolldown/binding-linux-ppc64-gnu': 1.1.5
      '@rolldown/binding-linux-s390x-gnu': 1.1.5
      '@rolldown/binding-linux-x64-gnu': 1.1.5
      '@rolldown/binding-linux-x64-musl': 1.1.5
      '@rolldown/binding-openharmony-arm64': 1.1.5
      '@rolldown/binding-wasm32-wasi': 1.1.5
      '@rolldown/binding-win32-arm64-msvc': 1.1.5
      '@rolldown/binding-win32-x64-msvc': 1.1.5

  rou3@0.7.12: {}

  rtl-css-js@1.16.1:
    dependencies:
      '@babel/runtime': 7.28.4

  run-parallel@1.2.0:
    dependencies:
      queue-microtask: 1.2.3

  rusha@0.8.14: {}

  s3mini@0.2.0: {}

  scheduler@0.27.0: {}

  schema-dts@1.1.5: {}

  screenfull@5.2.0: {}

  selderee@0.11.0:
    dependencies:
      parseley: 0.12.1

  semver@6.3.1: {}

  semver@7.7.3: {}

  server-only@0.0.1: {}

  set-cookie-parser@3.1.2: {}

  set-harmonic-interval@1.0.1: {}

  sharp@0.34.5:
    dependencies:
      '@img/colour': 1.0.0
      detect-libc: 2.1.2
      semver: 7.7.3
    optionalDependencies:
      '@img/sharp-darwin-arm64': 0.34.5
      '@img/sharp-darwin-x64': 0.34.5
      '@img/sharp-libvips-darwin-arm64': 1.2.4
      '@img/sharp-libvips-darwin-x64': 1.2.4
      '@img/sharp-libvips-linux-arm': 1.2.4
      '@img/sharp-libvips-linux-arm64': 1.2.4
      '@img/sharp-libvips-linux-ppc64': 1.2.4
      '@img/sharp-libvips-linux-riscv64': 1.2.4
      '@img/sharp-libvips-linux-s390x': 1.2.4
      '@img/sharp-libvips-linux-x64': 1.2.4
      '@img/sharp-libvips-linuxmusl-arm64': 1.2.4
      '@img/sharp-libvips-linuxmusl-x64': 1.2.4
      '@img/sharp-linux-arm': 0.34.5
      '@img/sharp-linux-arm64': 0.34.5
      '@img/sharp-linux-ppc64': 0.34.5
      '@img/sharp-linux-riscv64': 0.34.5
      '@img/sharp-linux-s390x': 0.34.5
      '@img/sharp-linux-x64': 0.34.5
      '@img/sharp-linuxmusl-arm64': 0.34.5
      '@img/sharp-linuxmusl-x64': 0.34.5
      '@img/sharp-wasm32': 0.34.5
      '@img/sharp-win32-arm64': 0.34.5
      '@img/sharp-win32-ia32': 0.34.5
      '@img/sharp-win32-x64': 0.34.5
    optional: true

  shebang-command@2.0.0:
    dependencies:
      shebang-regex: 3.0.0

  shebang-regex@3.0.0: {}

  shell-quote@1.10.0:
    optional: true

  side-channel-list@1.0.0:
    dependencies:
      es-errors: 1.3.0
      object-inspect: 1.13.4

  side-channel-map@1.0.1:
    dependencies:
      call-bound: 1.0.4
      es-errors: 1.3.0
      get-intrinsic: 1.3.0
      object-inspect: 1.13.4

  side-channel-weakmap@1.0.2:
    dependencies:
      call-bound: 1.0.4
      es-errors: 1.3.0
      get-intrinsic: 1.3.0
      object-inspect: 1.13.4
      side-channel-map: 1.0.1

  side-channel@1.1.0:
    dependencies:
      es-errors: 1.3.0
      object-inspect: 1.13.4
      side-channel-list: 1.0.0
      side-channel-map: 1.0.1
      side-channel-weakmap: 1.0.2

  siginfo@2.0.0: {}

  signal-exit@3.0.7: {}

  signal-exit@4.1.0: {}

  simplesignal@2.1.7: {}

  sirv@2.0.4:
    dependencies:
      '@polka/url': 1.0.0-next.29
      mrmime: 2.0.1
      totalist: 3.0.1

  sirv@3.0.2:
    dependencies:
      '@polka/url': 1.0.0-next.29
      mrmime: 2.0.1
      totalist: 3.0.1

  sisteransi@1.0.5: {}

  socket.io-adapter@2.5.6(bufferutil@4.0.8)(utf-8-validate@6.0.3):
    dependencies:
      debug: 4.4.3
      ws: 8.18.3(bufferutil@4.0.8)(utf-8-validate@6.0.3)
    transitivePeerDependencies:
      - bufferutil
      - supports-color
      - utf-8-validate

  socket.io-parser@4.2.5:
    dependencies:
      '@socket.io/component-emitter': 3.1.2
      debug: 4.4.3
    transitivePeerDependencies:
      - supports-color

  socket.io@4.8.3(bufferutil@4.0.8)(utf-8-validate@6.0.3):
    dependencies:
      accepts: 1.3.8
      base64id: 2.0.0
      cors: 2.8.5
      debug: 4.4.3
      engine.io: 6.6.5(bufferutil@4.0.8)(utf-8-validate@6.0.3)
      socket.io-adapter: 2.5.6(bufferutil@4.0.8)(utf-8-validate@6.0.3)
      socket.io-parser: 4.2.5
    transitivePeerDependencies:
      - bufferutil
      - supports-color
      - utf-8-validate

  sonner@2.0.7(react-dom@19.2.3(react@19.2.3))(react@19.2.3):
    dependencies:
      react: 19.2.3
      react-dom: 19.2.3(react@19.2.3)

  source-map-js@1.2.1: {}

  source-map-support@0.5.21:
    dependencies:
      buffer-from: 1.1.2
      source-map: 0.6.1

  source-map@0.5.6: {}

  source-map@0.6.1: {}

  stack-generator@2.0.10:
    dependencies:
      stackframe: 1.3.4

  stackback@0.0.2: {}

  stackframe@1.3.4: {}

  stacktrace-gps@3.1.2:
    dependencies:
      source-map: 0.5.6
      stackframe: 1.3.4

  stacktrace-js@2.0.2:
    dependencies:
      error-stack-parser: 2.1.4
      stack-generator: 2.0.10
      stacktrace-gps: 3.1.2

  standardwebhooks@1.0.0:
    dependencies:
      '@stablelib/base64': 1.0.1
      fast-sha256: 1.3.0

  stats-gl@2.4.2(@types/three@0.182.0)(three@0.163.0):
    dependencies:
      '@types/three': 0.182.0
      three: 0.163.0

  stats.js@0.17.0: {}

  std-env@4.2.0: {}

  stdin-discarder@0.2.2: {}

  string-width@4.2.3:
    dependencies:
      emoji-regex: 8.0.0
      is-fullwidth-code-point: 3.0.0
      strip-ansi: 6.0.1

  string-width@5.1.2:
    dependencies:
      eastasianwidth: 0.2.0
      emoji-regex: 9.2.2
      strip-ansi: 7.1.2

  string-width@7.2.0:
    dependencies:
      emoji-regex: 10.6.0
      get-east-asian-width: 1.4.0
      strip-ansi: 7.1.2

  strip-ansi@6.0.1:
    dependencies:
      ansi-regex: 5.0.1

  strip-ansi@7.1.2:
    dependencies:
      ansi-regex: 6.2.2

  strip-bom@3.0.0: {}

  strip-final-newline@3.0.0: {}

  strip-final-newline@4.0.0: {}

  strip-indent@4.1.1: {}

  stripe@14.15.0:
    dependencies:
      '@types/node': 20.12.12
      qs: 6.14.1

  stubborn-fs@2.0.0:
    dependencies:
      stubborn-utils: 1.0.2

  stubborn-utils@1.0.2: {}

  styled-jsx@5.1.6(@babel/core@7.28.5)(react@19.2.3):
    dependencies:
      client-only: 0.0.1
      react: 19.2.3
    optionalDependencies:
      '@babel/core': 7.28.5

  stylis@4.3.6: {}

  superjson@2.2.1:
    dependencies:
      copy-anything: 3.0.5

  supports-preserve-symlinks-flag@1.0.0: {}

  suspend-react@0.1.3(react@19.2.3):
    dependencies:
      react: 19.2.3

  swr@2.3.8(react@19.2.3):
    dependencies:
      dequal: 2.0.3
      react: 19.2.3
      use-sync-external-store: 1.6.0(react@19.2.3)

  tagged-tag@1.0.0: {}

  tailwind-merge@1.14.0: {}

  tailwindcss@4.1.18: {}

  tapable@2.3.0: {}

  taskkill@5.0.0:
    dependencies:
      execa: 6.1.0

  terser@5.44.1:
    dependencies:
      '@jridgewell/source-map': 0.3.11
      acorn: 8.15.0
      commander: 2.20.3
      source-map-support: 0.5.21
    optional: true

  three-conic-polygon-geometry@1.6.6(three@0.163.0):
    dependencies:
      '@turf/boolean-point-in-polygon': 7.3.1
      d3-array: 3.2.4
      d3-geo: 3.1.1
      d3-geo-voronoi: 2.1.0
      d3-scale: 4.0.2
      delaunator: 5.0.1
      earcut: 3.0.2
      three: 0.163.0

  three-fatline@0.6.2(three@0.163.0):
    dependencies:
      three: 0.163.0

  three-geojson-geometry@1.3.3(three@0.163.0):
    dependencies:
      d3-geo: 3.1.1
      earcut: 3.0.2
      three: 0.163.0

  three-globe@2.31.0(three@0.163.0):
    dependencies:
      '@tweenjs/tween.js': 23.1.3
      accessor-fn: 1.5.3
      d3-array: 3.2.4
      d3-color: 3.1.0
      d3-geo: 3.1.1
      d3-interpolate: 3.0.1
      d3-scale: 4.0.2
      d3-scale-chromatic: 3.1.0
      data-joint: 1.3.3
      earcut: 2.2.4
      frame-ticker: 1.0.3
      h3-js: 4.4.0
      index-array-by: 1.4.2
      kapsule: 1.16.3
      three: 0.163.0
      three-conic-polygon-geometry: 1.6.6(three@0.163.0)
      three-fatline: 0.6.2(three@0.163.0)
      three-geojson-geometry: 1.3.3(three@0.163.0)
      tinycolor2: 1.6.0
      yaot: 1.1.3

  three-mesh-bvh@0.8.3(three@0.163.0):
    dependencies:
      three: 0.163.0

  three-stdlib@2.36.1(three@0.163.0):
    dependencies:
      '@types/draco3d': 1.4.10
      '@types/offscreencanvas': 2019.7.3
      '@types/webxr': 0.5.24
      draco3d: 1.5.7
      fflate: 0.6.10
      potpack: 1.0.2
      three: 0.163.0

  three@0.163.0: {}

  throttle-debounce@3.0.1: {}

  tiny-invariant@1.3.3: {}

  tinybench@2.9.0: {}

  tinycolor2@1.6.0: {}

  tinyexec@0.3.2: {}

  tinyexec@1.0.2: {}

  tinyglobby@0.2.15:
    dependencies:
      fdir: 6.5.0(picomatch@4.0.3)
      picomatch: 4.0.3

  tinyglobby@0.2.17:
    dependencies:
      fdir: 6.5.0(picomatch@4.0.5)
      picomatch: 4.0.5

  tinyrainbow@3.1.0: {}

  to-regex-range@5.0.1:
    dependencies:
      is-number: 7.0.0

  toggle-selection@1.0.6: {}

  totalist@3.0.1: {}

  tr46@0.0.3: {}

  troika-three-text@0.52.4(three@0.163.0):
    dependencies:
      bidi-js: 1.0.3
      three: 0.163.0
      troika-three-utils: 0.52.4(three@0.163.0)
      troika-worker-utils: 0.52.0
      webgl-sdf-generator: 1.1.1

  troika-three-utils@0.52.4(three@0.163.0):
    dependencies:
      three: 0.163.0

  troika-worker-utils@0.52.0: {}

  ts-easing@0.2.0: {}

  tsconfig-paths@4.2.0:
    dependencies:
      json5: 2.2.3
      minimist: 1.2.8
      strip-bom: 3.0.0

  tslib@2.8.1: {}

  tsx@4.21.0:
    dependencies:
      esbuild: 0.27.2
      get-tsconfig: 4.13.0
    optionalDependencies:
      fsevents: 2.3.3

  tunnel-rat@0.1.2(@types/react@19.0.7)(immer@10.2.0)(react@19.2.3):
    dependencies:
      zustand: 4.5.0(@types/react@19.0.7)(immer@10.2.0)(react@19.2.3)
    transitivePeerDependencies:
      - '@types/react'
      - immer
      - react

  tw-animate-css@1.4.0: {}

  type-fest@5.4.1:
    dependencies:
      tagged-tag: 1.0.0

  typescript@5.4.5: {}

  ufo@1.6.1: {}

  uint8array-extras@1.5.0: {}

  undici-types@5.26.5: {}

  undici@6.27.0: {}

  unicorn-magic@0.3.0: {}

  universalify@2.0.1: {}

  update-browserslist-db@1.2.3(browserslist@4.28.1):
    dependencies:
      browserslist: 4.28.1
      escalade: 3.2.0
      picocolors: 1.1.1

  use-callback-ref@1.3.3(@types/react@19.0.7)(react@19.2.3):
    dependencies:
      react: 19.2.3
      tslib: 2.8.1
    optionalDependencies:
      '@types/react': 19.0.7

  use-intl@4.7.0(react@19.2.3):
    dependencies:
      '@formatjs/fast-memoize': 2.2.7
      '@schummar/icu-type-parser': 1.21.5
      intl-messageformat: 10.7.18
      react: 19.2.3

  use-sidecar@1.1.3(@types/react@19.0.7)(react@19.2.3):
    dependencies:
      detect-node-es: 1.1.0
      react: 19.2.3
      tslib: 2.8.1
    optionalDependencies:
      '@types/react': 19.0.7

  use-sync-external-store@1.2.0(react@19.2.3):
    dependencies:
      react: 19.2.3

  use-sync-external-store@1.6.0(react@19.2.3):
    dependencies:
      react: 19.2.3

  utf-8-validate@6.0.3:
    dependencies:
      node-gyp-build: 4.8.4
    optional: true

  utility-types@3.11.0: {}

  vary@1.1.2: {}

  vaul@1.1.2(@types/react-dom@19.0.3(@types/react@19.0.7))(@types/react@19.0.7)(react-dom@19.2.3(react@19.2.3))(react@19.2.3):
    dependencies:
      '@radix-ui/react-dialog': 1.1.15(@types/react-dom@19.0.3(@types/react@19.0.7))(@types/react@19.0.7)(react-dom@19.2.3(react@19.2.3))(react@19.2.3)
      react: 19.2.3
      react-dom: 19.2.3(react@19.2.3)
    transitivePeerDependencies:
      - '@types/react'
      - '@types/react-dom'

  victory-vendor@37.3.6:
    dependencies:
      '@types/d3-array': 3.2.2
      '@types/d3-ease': 3.0.2
      '@types/d3-interpolate': 3.0.4
      '@types/d3-scale': 4.0.9
      '@types/d3-shape': 3.1.7
      '@types/d3-time': 3.0.4
      '@types/d3-timer': 3.0.2
      d3-array: 3.2.4
      d3-ease: 3.0.1
      d3-interpolate: 3.0.1
      d3-scale: 4.0.2
      d3-shape: 3.2.0
      d3-time: 3.1.0
      d3-timer: 3.0.1

  vite@8.1.5(@types/node@20.12.12)(esbuild@0.28.1)(jiti@2.6.1)(terser@5.44.1)(tsx@4.21.0)(yaml@2.8.2):
    dependencies:
      lightningcss: 1.33.0
      picomatch: 4.0.5
      postcss: 8.5.25
      rolldown: 1.1.5
      tinyglobby: 0.2.17
    optionalDependencies:
      '@types/node': 20.12.12
      esbuild: 0.28.1
      fsevents: 2.3.3
      jiti: 2.6.1
      terser: 5.44.1
      tsx: 4.21.0
      yaml: 2.8.2

  vitest@4.1.10(@opentelemetry/api@1.8.0)(@types/node@20.12.12)(vite@8.1.5(@types/node@20.12.12)(esbuild@0.28.1)(jiti@2.6.1)(terser@5.44.1)(tsx@4.21.0)(yaml@2.8.2)):
    dependencies:
      '@vitest/expect': 4.1.10
      '@vitest/mocker': 4.1.10(vite@8.1.5(@types/node@20.12.12)(esbuild@0.28.1)(jiti@2.6.1)(terser@5.44.1)(tsx@4.21.0)(yaml@2.8.2))
      '@vitest/pretty-format': 4.1.10
      '@vitest/runner': 4.1.10
      '@vitest/snapshot': 4.1.10
      '@vitest/spy': 4.1.10
      '@vitest/utils': 4.1.10
      es-module-lexer: 2.3.1
      expect-type: 1.4.0
      magic-string: 0.30.21
      obug: 2.1.4
      pathe: 2.0.3
      picomatch: 4.0.3
      std-env: 4.2.0
      tinybench: 2.9.0
      tinyexec: 1.0.2
      tinyglobby: 0.2.15
      tinyrainbow: 3.1.0
      vite: 8.1.5(@types/node@20.12.12)(esbuild@0.28.1)(jiti@2.6.1)(terser@5.44.1)(tsx@4.21.0)(yaml@2.8.2)
      why-is-node-running: 2.3.0
    optionalDependencies:
      '@opentelemetry/api': 1.8.0
      '@types/node': 20.12.12
    transitivePeerDependencies:
      - msw

  warn-once@0.1.1: {}

  web-vitals@5.3.0: {}

  webgl-constants@1.1.1: {}

  webgl-sdf-generator@1.1.1: {}

  webidl-conversions@3.0.1: {}

  webpack-bundle-analyzer@4.10.2(bufferutil@4.0.8)(utf-8-validate@6.0.3):
    dependencies:
      '@discoveryjs/json-ext': 0.5.7
      acorn: 8.15.0
      acorn-walk: 8.3.4
      commander: 7.2.0
      debounce: 1.2.1
      escape-string-regexp: 4.0.0
      gzip-size: 6.0.0
      html-escaper: 2.0.2
      opener: 1.5.2
      picocolors: 1.1.1
      sirv: 2.0.4
      ws: 7.5.10(bufferutil@4.0.8)(utf-8-validate@6.0.3)
    transitivePeerDependencies:
      - bufferutil
      - utf-8-validate

  whatwg-url@5.0.0:
    dependencies:
      tr46: 0.0.3
      webidl-conversions: 3.0.1

  when-exit@2.1.5: {}

  which@2.0.2:
    dependencies:
      isexe: 2.0.0

  which@4.0.0:
    dependencies:
      isexe: 3.1.1
    optional: true

  why-is-node-running@2.3.0:
    dependencies:
      siginfo: 2.0.0
      stackback: 0.0.2

  wrap-ansi@7.0.0:
    dependencies:
      ansi-styles: 4.3.0
      string-width: 4.2.3
      strip-ansi: 6.0.1

  wrap-ansi@8.1.0:
    dependencies:
      ansi-styles: 6.2.3
      string-width: 5.1.2
      strip-ansi: 7.1.2

  ws@7.5.10(bufferutil@4.0.8)(utf-8-validate@6.0.3):
    optionalDependencies:
      bufferutil: 4.0.8
      utf-8-validate: 6.0.3

  ws@8.14.2(bufferutil@4.0.8)(utf-8-validate@6.0.3):
    optionalDependencies:
      bufferutil: 4.0.8
      utf-8-validate: 6.0.3
    optional: true

  ws@8.18.3(bufferutil@4.0.8)(utf-8-validate@6.0.3):
    optionalDependencies:
      bufferutil: 4.0.8
      utf-8-validate: 6.0.3

  ws@8.19.0(bufferutil@4.0.8)(utf-8-validate@6.0.3):
    optionalDependencies:
      bufferutil: 4.0.8
      utf-8-validate: 6.0.3

  xtend@4.0.2:
    optional: true

  yallist@3.1.1: {}

  yaml@2.8.2:
    optional: true

  yaot@1.1.3:
    dependencies:
      rafor: 1.0.2

  yoctocolors@2.1.2: {}

  zod@3.25.76: {}

  zod@4.2.1: {}

  zod@4.4.3: {}

  zustand@4.5.0(@types/react@19.0.7)(immer@10.2.0)(react@19.2.3):
    dependencies:
      use-sync-external-store: 1.2.0(react@19.2.3)
    optionalDependencies:
      '@types/react': 19.0.7
      immer: 10.2.0
      react: 19.2.3

  zustand@5.0.3(@types/react@19.0.7)(immer@10.2.0)(react@19.2.3)(use-sync-external-store@1.6.0(react@19.2.3)):
    optionalDependencies:
      '@types/react': 19.0.7
      immer: 10.2.0
      react: 19.2.3
      use-sync-external-store: 1.6.0(react@19.2.3)
